
Microsoft Visual Studio Solution File, Format Version 12.00
# Visual Studio Version 16
VisualStudioVersion = 16.0.29613.14
MinimumVisualStudioVersion = 10.0.40219.1
Project("{FAE04EC0-301F-11D3-BF4B-00C04F79EFBC}") = "MvcMovie", "MvcMovie\MvcMovie.csproj", "{F33113D3-AA7F-4014-ABF1-920CC246C337}"
EndProject
Project("{FAE04EC0-301F-11D3-BF4B-00C04F79EFBC}") = "ContosoUniversity", "ContosoUniversity\ContosoUniversity.csproj", "{7BA7FCCA-9A65-4868-94A1-338986DFB39B}"
EndProject
Project("{FAE04EC0-301F-11D3-BF4B-00C04F79EFBC}") = "ContosoSite", "ContosoSite\ContosoSite.csproj", "{C0FCD455-5FD6-4987-A770-4A8A678A7E91}"
EndProject
Project("{00D1A9C2-B5F0-4AF3-8072-F6C62B433612}") = "ContosoUniversityData", "ContosoUniversityData\ContosoUniversityData.sqlproj", "{D5403307-7336-40D4-98E5-6BE720354FF7}"
EndProject
Global
	GlobalSection(SolutionConfigurationPlatforms) = preSolution
		Debug|Any CPU = Debug|Any CPU
		Release|Any CPU = Release|Any CPU
	EndGlobalSection
	GlobalSection(ProjectConfigurationPlatforms) = postSolution
		{F33113D3-AA7F-4014-ABF1-920CC246C337}.Debug|Any CPU.ActiveCfg = Debug|Any CPU
		{F33113D3-AA7F-4014-ABF1-920CC246C337}.Debug|Any CPU.Build.0 = Debug|Any CPU
		{F33113D3-AA7F-4014-ABF1-920CC246C337}.Release|Any CPU.ActiveCfg = Release|Any CPU
		{F33113D3-AA7F-4014-ABF1-920CC246C337}.Release|Any CPU.Build.0 = Release|Any CPU
		{7BA7FCCA-9A65-4868-94A1-338986DFB39B}.Debug|Any CPU.ActiveCfg = Debug|Any CPU
		{7BA7FCCA-9A65-4868-94A1-338986DFB39B}.Debug|Any CPU.Build.0 = Debug|Any CPU
		{7BA7FCCA-9A65-4868-94A1-338986DFB39B}.Release|Any CPU.ActiveCfg = Release|Any CPU
		{7BA7FCCA-9A65-4868-94A1-338986DFB39B}.Release|Any CPU.Build.0 = Release|Any CPU
		{C0FCD455-5FD6-4987-A770-4A8A678A7E91}.Debug|Any CPU.ActiveCfg = Debug|Any CPU
		{C0FCD455-5FD6-4987-A770-4A8A678A7E91}.Debug|Any CPU.Build.0 = Debug|Any CPU
		{C0FCD455-5FD6-4987-A770-4A8A678A7E91}.Release|Any CPU.ActiveCfg = Release|Any CPU
		{C0FCD455-5FD6-4987-A770-4A8A678A7E91}.Release|Any CPU.Build.0 = Release|Any CPU
		{D5403307-7336-40D4-98E5-6BE720354FF7}.Debug|Any CPU.ActiveCfg = Debug|Any CPU
		{D5403307-7336-40D4-98E5-6BE720354FF7}.Debug|Any CPU.Build.0 = Debug|Any CPU
		{D5403307-7336-40D4-98E5-6BE720354FF7}.Debug|Any CPU.Deploy.0 = Debug|Any CPU
		{D5403307-7336-40D4-98E5-6BE720354FF7}.Release|Any CPU.ActiveCfg = Release|Any CPU
		{D5403307-7336-40D4-98E5-6BE720354FF7}.Release|Any CPU.Build.0 = Release|Any CPU
		{D5403307-7336-40D4-98E5-6BE720354FF7}.Release|Any CPU.Deploy.0 = Release|Any CPU
	EndGlobalSection
	GlobalSection(SolutionProperties) = preSolution
		HideSolutionNode = FALSE
	EndGlobalSection
	GlobalSection(ExtensibilityGlobals) = postSolution
		SolutionGuid = {41996F60-AA8D-4963-A047-46D88F89C773}
	EndGlobalSection
EndGlobal
